
Microsoft Visual Studio Solution File, Format Version 12.00
# Visual Studio 14
VisualStudioVersion = 14.0.25123.0
MinimumVisualStudioVersion = 10.0.40219.1
Project("{FAE04EC0-301F-11D3-BF4B-00C04F79EFBC}") = "TodoList_Client.Droid", "TodoList_Client\TodoList_Client.Droid\TodoList_Client.Droid.csproj", "{0092CEAE-BEBE-497F-BEF3-AD1C3933717E}"
EndProject
Project("{FAE04EC0-301F-11D3-BF4B-00C04F79EFBC}") = "TodoList_Client.iOS", "TodoList_Client\TodoList_Client.iOS\TodoList_Client.iOS.csproj", "{7D407AD9-6C64-4F90-8918-C4B4FB19298A}"
EndProject
Project("{FAE04EC0-301F-11D3-BF4B-00C04F79EFBC}") = "TodoList_Client.WinPhone", "TodoList_Client\TodoList_Client.WinPhone\TodoList_Client.WinPhone.csproj", "{988B1DC6-B9D3-45B1-972B-EDD9D4DBFB4A}"
EndProject
Project("{FAE04EC0-301F-11D3-BF4B-00C04F79EFBC}") = "TodoList_Client.UWP", "TodoList_Client\TodoList_Client.UWP\TodoList_Client.UWP.csproj", "{03644400-3D4E-43A8-8B86-42ACBB35FDAF}"
EndProject
Project("{FAE04EC0-301F-11D3-BF4B-00C04F79EFBC}") = "TodoList_Client.Windows", "TodoList_Client\TodoList_Client.Windows\TodoList_Client.Windows.csproj", "{E503A6A7-C94A-40B9-9DFA-A098D58186BC}"
EndProject
Project("{FAE04EC0-301F-11D3-BF4B-00C04F79EFBC}") = "TodoList_Client", "TodoList_Client\TodoList_Client\TodoList_Client.csproj", "{67B4D14C-A20D-4692-90A2-FB2509DA144B}"
EndProject
Project("{FAE04EC0-301F-11D3-BF4B-00C04F79EFBC}") = "TodoList_Service", "TodoList_Service\TodoList_Service.csproj", "{047CDEF7-D5BA-4B1E-9748-910B610CCA51}"
EndProject
Global
	GlobalSection(SolutionConfigurationPlatforms) = preSolution
		Ad-Hoc|Any CPU = Ad-Hoc|Any CPU
		Ad-Hoc|ARM = Ad-Hoc|ARM
		Ad-Hoc|iPhone = Ad-Hoc|iPhone
		Ad-Hoc|iPhoneSimulator = Ad-Hoc|iPhoneSimulator
		Ad-Hoc|x64 = Ad-Hoc|x64
		Ad-Hoc|x86 = Ad-Hoc|x86
		AppStore|Any CPU = AppStore|Any CPU
		AppStore|ARM = AppStore|ARM
		AppStore|iPhone = AppStore|iPhone
		AppStore|iPhoneSimulator = AppStore|iPhoneSimulator
		AppStore|x64 = AppStore|x64
		AppStore|x86 = AppStore|x86
		Debug|Any CPU = Debug|Any CPU
		Debug|ARM = Debug|ARM
		Debug|iPhone = Debug|iPhone
		Debug|iPhoneSimulator = Debug|iPhoneSimulator
		Debug|x64 = Debug|x64
		Debug|x86 = Debug|x86
		Release|Any CPU = Release|Any CPU
		Release|ARM = Release|ARM
		Release|iPhone = Release|iPhone
		Release|iPhoneSimulator = Release|iPhoneSimulator
		Release|x64 = Release|x64
		Release|x86 = Release|x86
	EndGlobalSection
	GlobalSection(ProjectConfigurationPlatforms) = postSolution
		{0092CEAE-BEBE-497F-BEF3-AD1C3933717E}.Ad-Hoc|Any CPU.ActiveCfg = Release|Any CPU
		{0092CEAE-BEBE-497F-BEF3-AD1C3933717E}.Ad-Hoc|Any CPU.Build.0 = Release|Any CPU
		{0092CEAE-BEBE-497F-BEF3-AD1C3933717E}.Ad-Hoc|Any CPU.Deploy.0 = Release|Any CPU
		{0092CEAE-BEBE-497F-BEF3-AD1C3933717E}.Ad-Hoc|ARM.ActiveCfg = Release|Any CPU
		{0092CEAE-BEBE-497F-BEF3-AD1C3933717E}.Ad-Hoc|ARM.Build.0 = Release|Any CPU
		{0092CEAE-BEBE-497F-BEF3-AD1C3933717E}.Ad-Hoc|ARM.Deploy.0 = Release|Any CPU
		{0092CEAE-BEBE-497F-BEF3-AD1C3933717E}.Ad-Hoc|iPhone.ActiveCfg = Release|Any CPU
		{0092CEAE-BEBE-497F-BEF3-AD1C3933717E}.Ad-Hoc|iPhone.Build.0 = Release|Any CPU
		{0092CEAE-BEBE-497F-BEF3-AD1C3933717E}.Ad-Hoc|iPhone.Deploy.0 = Release|Any CPU
		{0092CEAE-BEBE-497F-BEF3-AD1C3933717E}.Ad-Hoc|iPhoneSimulator.ActiveCfg = Release|Any CPU
		{0092CEAE-BEBE-497F-BEF3-AD1C3933717E}.Ad-Hoc|iPhoneSimulator.Build.0 = Release|Any CPU
		{0092CEAE-BEBE-497F-BEF3-AD1C3933717E}.Ad-Hoc|iPhoneSimulator.Deploy.0 = Release|Any CPU
		{0092CEAE-BEBE-497F-BEF3-AD1C3933717E}.Ad-Hoc|x64.ActiveCfg = Release|Any CPU
		{0092CEAE-BEBE-497F-BEF3-AD1C3933717E}.Ad-Hoc|x64.Build.0 = Release|Any CPU
		{0092CEAE-BEBE-497F-BEF3-AD1C3933717E}.Ad-Hoc|x64.Deploy.0 = Release|Any CPU
		{0092CEAE-BEBE-497F-BEF3-AD1C3933717E}.Ad-Hoc|x86.ActiveCfg = Release|Any CPU
		{0092CEAE-BEBE-497F-BEF3-AD1C3933717E}.Ad-Hoc|x86.Build.0 = Release|Any CPU
		{0092CEAE-BEBE-497F-BEF3-AD1C3933717E}.Ad-Hoc|x86.Deploy.0 = Release|Any CPU
		{0092CEAE-BEBE-497F-BEF3-AD1C3933717E}.AppStore|Any CPU.ActiveCfg = Release|Any CPU
		{0092CEAE-BEBE-497F-BEF3-AD1C3933717E}.AppStore|Any CPU.Build.0 = Release|Any CPU
		{0092CEAE-BEBE-497F-BEF3-AD1C3933717E}.AppStore|Any CPU.Deploy.0 = Release|Any CPU
		{0092CEAE-BEBE-497F-BEF3-AD1C3933717E}.AppStore|ARM.ActiveCfg = Release|Any CPU
		{0092CEAE-BEBE-497F-BEF3-AD1C3933717E}.AppStore|ARM.Build.0 = Release|Any CPU
		{0092CEAE-BEBE-497F-BEF3-AD1C3933717E}.AppStore|ARM.Deploy.0 = Release|Any CPU
		{0092CEAE-BEBE-497F-BEF3-AD1C3933717E}.AppStore|iPhone.ActiveCfg = Release|Any CPU
		{0092CEAE-BEBE-497F-BEF3-AD1C3933717E}.AppStore|iPhone.Build.0 = Release|Any CPU
		{0092CEAE-BEBE-497F-BEF3-AD1C3933717E}.AppStore|iPhone.Deploy.0 = Release|Any CPU
		{0092CEAE-BEBE-497F-BEF3-AD1C3933717E}.AppStore|iPhoneSimulator.ActiveCfg = Release|Any CPU
		{0092CEAE-BEBE-497F-BEF3-AD1C3933717E}.AppStore|iPhoneSimulator.Build.0 = Release|Any CPU
		{0092CEAE-BEBE-497F-BEF3-AD1C3933717E}.AppStore|iPhoneSimulator.Deploy.0 = Release|Any CPU
		{0092CEAE-BEBE-497F-BEF3-AD1C3933717E}.AppStore|x64.ActiveCfg = Release|Any CPU
		{0092CEAE-BEBE-497F-BEF3-AD1C3933717E}.AppStore|x64.Build.0 = Release|Any CPU
		{0092CEAE-BEBE-497F-BEF3-AD1C3933717E}.AppStore|x64.Deploy.0 = Release|Any CPU
		{0092CEAE-BEBE-497F-BEF3-AD1C3933717E}.AppStore|x86.ActiveCfg = Release|Any CPU
		{0092CEAE-BEBE-497F-BEF3-AD1C3933717E}.AppStore|x86.Build.0 = Release|Any CPU
		{0092CEAE-BEBE-497F-BEF3-AD1C3933717E}.AppStore|x86.Deploy.0 = Release|Any CPU
		{0092CEAE-BEBE-497F-BEF3-AD1C3933717E}.Debug|Any CPU.ActiveCfg = Debug|Any CPU
		{0092CEAE-BEBE-497F-BEF3-AD1C3933717E}.Debug|Any CPU.Build.0 = Debug|Any CPU
		{0092CEAE-BEBE-497F-BEF3-AD1C3933717E}.Debug|Any CPU.Deploy.0 = Debug|Any CPU
		{0092CEAE-BEBE-497F-BEF3-AD1C3933717E}.Debug|ARM.ActiveCfg = Debug|Any CPU
		{0092CEAE-BEBE-497F-BEF3-AD1C3933717E}.Debug|ARM.Build.0 = Debug|Any CPU
		{0092CEAE-BEBE-497F-BEF3-AD1C3933717E}.Debug|ARM.Deploy.0 = Debug|Any CPU
		{0092CEAE-BEBE-497F-BEF3-AD1C3933717E}.Debug|iPhone.ActiveCfg = Debug|Any CPU
		{0092CEAE-BEBE-497F-BEF3-AD1C3933717E}.Debug|iPhone.Build.0 = Debug|Any CPU
		{0092CEAE-BEBE-497F-BEF3-AD1C3933717E}.Debug|iPhone.Deploy.0 = Debug|Any CPU
		{0092CEAE-BEBE-497F-BEF3-AD1C3933717E}.Debug|iPhoneSimulator.ActiveCfg = Debug|Any CPU
		{0092CEAE-BEBE-497F-BEF3-AD1C3933717E}.Debug|iPhoneSimulator.Build.0 = Debug|Any CPU
		{0092CEAE-BEBE-497F-BEF3-AD1C3933717E}.Debug|iPhoneSimulator.Deploy.0 = Debug|Any CPU
		{0092CEAE-BEBE-497F-BEF3-AD1C3933717E}.Debug|x64.ActiveCfg = Debug|Any CPU
		{0092CEAE-BEBE-497F-BEF3-AD1C3933717E}.Debug|x64.Build.0 = Debug|Any CPU
		{0092CEAE-BEBE-497F-BEF3-AD1C3933717E}.Debug|x64.Deploy.0 = Debug|Any CPU
		{0092CEAE-BEBE-497F-BEF3-AD1C3933717E}.Debug|x86.ActiveCfg = Debug|Any CPU
		{0092CEAE-BEBE-497F-BEF3-AD1C3933717E}.Debug|x86.Build.0 = Debug|Any CPU
		{0092CEAE-BEBE-497F-BEF3-AD1C3933717E}.Debug|x86.Deploy.0 = Debug|Any CPU
		{0092CEAE-BEBE-497F-BEF3-AD1C3933717E}.Release|Any CPU.ActiveCfg = Release|Any CPU
		{0092CEAE-BEBE-497F-BEF3-AD1C3933717E}.Release|Any CPU.Build.0 = Release|Any CPU
		{0092CEAE-BEBE-497F-BEF3-AD1C3933717E}.Release|Any CPU.Deploy.0 = Release|Any CPU
		{0092CEAE-BEBE-497F-BEF3-AD1C3933717E}.Release|ARM.ActiveCfg = Release|Any CPU
		{0092CEAE-BEBE-497F-BEF3-AD1C3933717E}.Release|ARM.Build.0 = Release|Any CPU
		{0092CEAE-BEBE-497F-BEF3-AD1C3933717E}.Release|ARM.Deploy.0 = Release|Any CPU
		{0092CEAE-BEBE-497F-BEF3-AD1C3933717E}.Release|iPhone.ActiveCfg = Release|Any CPU
		{0092CEAE-BEBE-497F-BEF3-AD1C3933717E}.Release|iPhone.Build.0 = Release|Any CPU
		{0092CEAE-BEBE-497F-BEF3-AD1C3933717E}.Release|iPhone.Deploy.0 = Release|Any CPU
		{0092CEAE-BEBE-497F-BEF3-AD1C3933717E}.Release|iPhoneSimulator.ActiveCfg = Release|Any CPU
		{0092CEAE-BEBE-497F-BEF3-AD1C3933717E}.Release|iPhoneSimulator.Build.0 = Release|Any CPU
		{0092CEAE-BEBE-497F-BEF3-AD1C3933717E}.Release|iPhoneSimulator.Deploy.0 = Release|Any CPU
		{0092CEAE-BEBE-497F-BEF3-AD1C3933717E}.Release|x64.ActiveCfg = Release|Any CPU
		{0092CEAE-BEBE-497F-BEF3-AD1C3933717E}.Release|x64.Build.0 = Release|Any CPU
		{0092CEAE-BEBE-497F-BEF3-AD1C3933717E}.Release|x64.Deploy.0 = Release|Any CPU
		{0092CEAE-BEBE-497F-BEF3-AD1C3933717E}.Release|x86.ActiveCfg = Release|Any CPU
		{0092CEAE-BEBE-497F-BEF3-AD1C3933717E}.Release|x86.Build.0 = Release|Any CPU
		{0092CEAE-BEBE-497F-BEF3-AD1C3933717E}.Release|x86.Deploy.0 = Release|Any CPU
		{7D407AD9-6C64-4F90-8918-C4B4FB19298A}.Ad-Hoc|Any CPU.ActiveCfg = Ad-Hoc|iPhone
		{7D407AD9-6C64-4F90-8918-C4B4FB19298A}.Ad-Hoc|ARM.ActiveCfg = Ad-Hoc|iPhone
		{7D407AD9-6C64-4F90-8918-C4B4FB19298A}.Ad-Hoc|iPhone.ActiveCfg = Ad-Hoc|iPhone
		{7D407AD9-6C64-4F90-8918-C4B4FB19298A}.Ad-Hoc|iPhone.Build.0 = Ad-Hoc|iPhone
		{7D407AD9-6C64-4F90-8918-C4B4FB19298A}.Ad-Hoc|iPhoneSimulator.ActiveCfg = Ad-Hoc|iPhoneSimulator
		{7D407AD9-6C64-4F90-8918-C4B4FB19298A}.Ad-Hoc|iPhoneSimulator.Build.0 = Ad-Hoc|iPhoneSimulator
		{7D407AD9-6C64-4F90-8918-C4B4FB19298A}.Ad-Hoc|x64.ActiveCfg = Ad-Hoc|iPhone
		{7D407AD9-6C64-4F90-8918-C4B4FB19298A}.Ad-Hoc|x86.ActiveCfg = Ad-Hoc|iPhone
		{7D407AD9-6C64-4F90-8918-C4B4FB19298A}.AppStore|Any CPU.ActiveCfg = AppStore|iPhone
		{7D407AD9-6C64-4F90-8918-C4B4FB19298A}.AppStore|ARM.ActiveCfg = AppStore|iPhone
		{7D407AD9-6C64-4F90-8918-C4B4FB19298A}.AppStore|iPhone.ActiveCfg = AppStore|iPhone
		{7D407AD9-6C64-4F90-8918-C4B4FB19298A}.AppStore|iPhone.Build.0 = AppStore|iPhone
		{7D407AD9-6C64-4F90-8918-C4B4FB19298A}.AppStore|iPhoneSimulator.ActiveCfg = AppStore|iPhoneSimulator
		{7D407AD9-6C64-4F90-8918-C4B4FB19298A}.AppStore|iPhoneSimulator.Build.0 = AppStore|iPhoneSimulator
		{7D407AD9-6C64-4F90-8918-C4B4FB19298A}.AppStore|x64.ActiveCfg = AppStore|iPhone
		{7D407AD9-6C64-4F90-8918-C4B4FB19298A}.AppStore|x86.ActiveCfg = AppStore|iPhone
		{7D407AD9-6C64-4F90-8918-C4B4FB19298A}.Debug|Any CPU.ActiveCfg = Debug|iPhone
		{7D407AD9-6C64-4F90-8918-C4B4FB19298A}.Debug|ARM.ActiveCfg = Debug|iPhone
		{7D407AD9-6C64-4F90-8918-C4B4FB19298A}.Debug|iPhone.ActiveCfg = Debug|iPhone
		{7D407AD9-6C64-4F90-8918-C4B4FB19298A}.Debug|iPhone.Build.0 = Debug|iPhone
		{7D407AD9-6C64-4F90-8918-C4B4FB19298A}.Debug|iPhoneSimulator.ActiveCfg = Debug|iPhoneSimulator
		{7D407AD9-6C64-4F90-8918-C4B4FB19298A}.Debug|iPhoneSimulator.Build.0 = Debug|iPhoneSimulator
		{7D407AD9-6C64-4F90-8918-C4B4FB19298A}.Debug|x64.ActiveCfg = Debug|iPhone
		{7D407AD9-6C64-4F90-8918-C4B4FB19298A}.Debug|x86.ActiveCfg = Debug|iPhone
		{7D407AD9-6C64-4F90-8918-C4B4FB19298A}.Release|Any CPU.ActiveCfg = Release|iPhone
		{7D407AD9-6C64-4F90-8918-C4B4FB19298A}.Release|ARM.ActiveCfg = Release|iPhone
		{7D407AD9-6C64-4F90-8918-C4B4FB19298A}.Release|iPhone.ActiveCfg = Release|iPhone
		{7D407AD9-6C64-4F90-8918-C4B4FB19298A}.Release|iPhone.Build.0 = Release|iPhone
		{7D407AD9-6C64-4F90-8918-C4B4FB19298A}.Release|iPhoneSimulator.ActiveCfg = Release|iPhoneSimulator
		{7D407AD9-6C64-4F90-8918-C4B4FB19298A}.Release|iPhoneSimulator.Build.0 = Release|iPhoneSimulator
		{7D407AD9-6C64-4F90-8918-C4B4FB19298A}.Release|x64.ActiveCfg = Release|iPhone
		{7D407AD9-6C64-4F90-8918-C4B4FB19298A}.Release|x86.ActiveCfg = Release|iPhone
		{988B1DC6-B9D3-45B1-972B-EDD9D4DBFB4A}.Ad-Hoc|Any CPU.ActiveCfg = Release|Any CPU
		{988B1DC6-B9D3-45B1-972B-EDD9D4DBFB4A}.Ad-Hoc|Any CPU.Build.0 = Release|Any CPU
		{988B1DC6-B9D3-45B1-972B-EDD9D4DBFB4A}.Ad-Hoc|Any CPU.Deploy.0 = Release|Any CPU
		{988B1DC6-B9D3-45B1-972B-EDD9D4DBFB4A}.Ad-Hoc|ARM.ActiveCfg = Release|ARM
		{988B1DC6-B9D3-45B1-972B-EDD9D4DBFB4A}.Ad-Hoc|ARM.Build.0 = Release|ARM
		{988B1DC6-B9D3-45B1-972B-EDD9D4DBFB4A}.Ad-Hoc|ARM.Deploy.0 = Release|ARM
		{988B1DC6-B9D3-45B1-972B-EDD9D4DBFB4A}.Ad-Hoc|iPhone.ActiveCfg = Release|Any CPU
		{988B1DC6-B9D3-45B1-972B-EDD9D4DBFB4A}.Ad-Hoc|iPhone.Build.0 = Release|Any CPU
		{988B1DC6-B9D3-45B1-972B-EDD9D4DBFB4A}.Ad-Hoc|iPhone.Deploy.0 = Release|Any CPU
		{988B1DC6-B9D3-45B1-972B-EDD9D4DBFB4A}.Ad-Hoc|iPhoneSimulator.ActiveCfg = Release|Any CPU
		{988B1DC6-B9D3-45B1-972B-EDD9D4DBFB4A}.Ad-Hoc|iPhoneSimulator.Build.0 = Release|Any CPU
		{988B1DC6-B9D3-45B1-972B-EDD9D4DBFB4A}.Ad-Hoc|iPhoneSimulator.Deploy.0 = Release|Any CPU
		{988B1DC6-B9D3-45B1-972B-EDD9D4DBFB4A}.Ad-Hoc|x64.ActiveCfg = Release|Any CPU
		{988B1DC6-B9D3-45B1-972B-EDD9D4DBFB4A}.Ad-Hoc|x64.Build.0 = Release|Any CPU
		{988B1DC6-B9D3-45B1-972B-EDD9D4DBFB4A}.Ad-Hoc|x64.Deploy.0 = Release|Any CPU
		{988B1DC6-B9D3-45B1-972B-EDD9D4DBFB4A}.Ad-Hoc|x86.ActiveCfg = Release|x86
		{988B1DC6-B9D3-45B1-972B-EDD9D4DBFB4A}.Ad-Hoc|x86.Build.0 = Release|x86
		{988B1DC6-B9D3-45B1-972B-EDD9D4DBFB4A}.Ad-Hoc|x86.Deploy.0 = Release|x86
		{988B1DC6-B9D3-45B1-972B-EDD9D4DBFB4A}.AppStore|Any CPU.ActiveCfg = Release|Any CPU
		{988B1DC6-B9D3-45B1-972B-EDD9D4DBFB4A}.AppStore|Any CPU.Build.0 = Release|Any CPU
		{988B1DC6-B9D3-45B1-972B-EDD9D4DBFB4A}.AppStore|Any CPU.Deploy.0 = Release|Any CPU
		{988B1DC6-B9D3-45B1-972B-EDD9D4DBFB4A}.AppStore|ARM.ActiveCfg = Release|ARM
		{988B1DC6-B9D3-45B1-972B-EDD9D4DBFB4A}.AppStore|ARM.Build.0 = Release|ARM
		{988B1DC6-B9D3-45B1-972B-EDD9D4DBFB4A}.AppStore|ARM.Deploy.0 = Release|ARM
		{988B1DC6-B9D3-45B1-972B-EDD9D4DBFB4A}.AppStore|iPhone.ActiveCfg = Release|Any CPU
		{988B1DC6-B9D3-45B1-972B-EDD9D4DBFB4A}.AppStore|iPhone.Build.0 = Release|Any CPU
		{988B1DC6-B9D3-45B1-972B-EDD9D4DBFB4A}.AppStore|iPhone.Deploy.0 = Release|Any CPU
		{988B1DC6-B9D3-45B1-972B-EDD9D4DBFB4A}.AppStore|iPhoneSimulator.ActiveCfg = Release|Any CPU
		{988B1DC6-B9D3-45B1-972B-EDD9D4DBFB4A}.AppStore|iPhoneSimulator.Build.0 = Release|Any CPU
		{988B1DC6-B9D3-45B1-972B-EDD9D4DBFB4A}.AppStore|iPhoneSimulator.Deploy.0 = Release|Any CPU
		{988B1DC6-B9D3-45B1-972B-EDD9D4DBFB4A}.AppStore|x64.ActiveCfg = Release|Any CPU
		{988B1DC6-B9D3-45B1-972B-EDD9D4DBFB4A}.AppStore|x64.Build.0 = Release|Any CPU
		{988B1DC6-B9D3-45B1-972B-EDD9D4DBFB4A}.AppStore|x64.Deploy.0 = Release|Any CPU
		{988B1DC6-B9D3-45B1-972B-EDD9D4DBFB4A}.AppStore|x86.ActiveCfg = Release|x86
		{988B1DC6-B9D3-45B1-972B-EDD9D4DBFB4A}.AppStore|x86.Build.0 = Release|x86
		{988B1DC6-B9D3-45B1-972B-EDD9D4DBFB4A}.AppStore|x86.Deploy.0 = Release|x86
		{988B1DC6-B9D3-45B1-972B-EDD9D4DBFB4A}.Debug|Any CPU.ActiveCfg = Debug|Any CPU
		{988B1DC6-B9D3-45B1-972B-EDD9D4DBFB4A}.Debug|Any CPU.Build.0 = Debug|Any CPU
		{988B1DC6-B9D3-45B1-972B-EDD9D4DBFB4A}.Debug|Any CPU.Deploy.0 = Debug|Any CPU
		{988B1DC6-B9D3-45B1-972B-EDD9D4DBFB4A}.Debug|ARM.ActiveCfg = Debug|ARM
		{988B1DC6-B9D3-45B1-972B-EDD9D4DBFB4A}.Debug|ARM.Build.0 = Debug|ARM
		{988B1DC6-B9D3-45B1-972B-EDD9D4DBFB4A}.Debug|ARM.Deploy.0 = Debug|ARM
		{988B1DC6-B9D3-45B1-972B-EDD9D4DBFB4A}.Debug|iPhone.ActiveCfg = Debug|Any CPU
		{988B1DC6-B9D3-45B1-972B-EDD9D4DBFB4A}.Debug|iPhone.Build.0 = Debug|Any CPU
		{988B1DC6-B9D3-45B1-972B-EDD9D4DBFB4A}.Debug|iPhone.Deploy.0 = Debug|Any CPU
		{988B1DC6-B9D3-45B1-972B-EDD9D4DBFB4A}.Debug|iPhoneSimulator.ActiveCfg = Debug|Any CPU
		{988B1DC6-B9D3-45B1-972B-EDD9D4DBFB4A}.Debug|iPhoneSimulator.Build.0 = Debug|Any CPU
		{988B1DC6-B9D3-45B1-972B-EDD9D4DBFB4A}.Debug|iPhoneSimulator.Deploy.0 = Debug|Any CPU
		{988B1DC6-B9D3-45B1-972B-EDD9D4DBFB4A}.Debug|x64.ActiveCfg = Debug|Any CPU
		{988B1DC6-B9D3-45B1-972B-EDD9D4DBFB4A}.Debug|x64.Build.0 = Debug|Any CPU
		{988B1DC6-B9D3-45B1-972B-EDD9D4DBFB4A}.Debug|x64.Deploy.0 = Debug|Any CPU
		{988B1DC6-B9D3-45B1-972B-EDD9D4DBFB4A}.Debug|x86.ActiveCfg = Debug|x86
		{988B1DC6-B9D3-45B1-972B-EDD9D4DBFB4A}.Debug|x86.Build.0 = Debug|x86
		{988B1DC6-B9D3-45B1-972B-EDD9D4DBFB4A}.Debug|x86.Deploy.0 = Debug|x86
		{988B1DC6-B9D3-45B1-972B-EDD9D4DBFB4A}.Release|Any CPU.ActiveCfg = Release|Any CPU
		{988B1DC6-B9D3-45B1-972B-EDD9D4DBFB4A}.Release|Any CPU.Build.0 = Release|Any CPU
		{988B1DC6-B9D3-45B1-972B-EDD9D4DBFB4A}.Release|Any CPU.Deploy.0 = Release|Any CPU
		{988B1DC6-B9D3-45B1-972B-EDD9D4DBFB4A}.Release|ARM.ActiveCfg = Release|ARM
		{988B1DC6-B9D3-45B1-972B-EDD9D4DBFB4A}.Release|ARM.Build.0 = Release|ARM
		{988B1DC6-B9D3-45B1-972B-EDD9D4DBFB4A}.Release|ARM.Deploy.0 = Release|ARM
		{988B1DC6-B9D3-45B1-972B-EDD9D4DBFB4A}.Release|iPhone.ActiveCfg = Release|Any CPU
		{988B1DC6-B9D3-45B1-972B-EDD9D4DBFB4A}.Release|iPhone.Build.0 = Release|Any CPU
		{988B1DC6-B9D3-45B1-972B-EDD9D4DBFB4A}.Release|iPhone.Deploy.0 = Release|Any CPU
		{988B1DC6-B9D3-45B1-972B-EDD9D4DBFB4A}.Release|iPhoneSimulator.ActiveCfg = Release|Any CPU
		{988B1DC6-B9D3-45B1-972B-EDD9D4DBFB4A}.Release|iPhoneSimulator.Build.0 = Release|Any CPU
		{988B1DC6-B9D3-45B1-972B-EDD9D4DBFB4A}.Release|iPhoneSimulator.Deploy.0 = Release|Any CPU
		{988B1DC6-B9D3-45B1-972B-EDD9D4DBFB4A}.Release|x64.ActiveCfg = Release|Any CPU
		{988B1DC6-B9D3-45B1-972B-EDD9D4DBFB4A}.Release|x64.Build.0 = Release|Any CPU
		{988B1DC6-B9D3-45B1-972B-EDD9D4DBFB4A}.Release|x64.Deploy.0 = Release|Any CPU
		{988B1DC6-B9D3-45B1-972B-EDD9D4DBFB4A}.Release|x86.ActiveCfg = Release|x86
		{988B1DC6-B9D3-45B1-972B-EDD9D4DBFB4A}.Release|x86.Build.0 = Release|x86
		{988B1DC6-B9D3-45B1-972B-EDD9D4DBFB4A}.Release|x86.Deploy.0 = Release|x86
		{03644400-3D4E-43A8-8B86-42ACBB35FDAF}.Ad-Hoc|Any CPU.ActiveCfg = Release|x86
		{03644400-3D4E-43A8-8B86-42ACBB35FDAF}.Ad-Hoc|Any CPU.Build.0 = Release|x86
		{03644400-3D4E-43A8-8B86-42ACBB35FDAF}.Ad-Hoc|Any CPU.Deploy.0 = Release|x86
		{03644400-3D4E-43A8-8B86-42ACBB35FDAF}.Ad-Hoc|ARM.ActiveCfg = Release|ARM
		{03644400-3D4E-43A8-8B86-42ACBB35FDAF}.Ad-Hoc|ARM.Build.0 = Release|ARM
		{03644400-3D4E-43A8-8B86-42ACBB35FDAF}.Ad-Hoc|ARM.Deploy.0 = Release|ARM
		{03644400-3D4E-43A8-8B86-42ACBB35FDAF}.Ad-Hoc|iPhone.ActiveCfg = Release|x86
		{03644400-3D4E-43A8-8B86-42ACBB35FDAF}.Ad-Hoc|iPhone.Build.0 = Release|x86
		{03644400-3D4E-43A8-8B86-42ACBB35FDAF}.Ad-Hoc|iPhone.Deploy.0 = Release|x86
		{03644400-3D4E-43A8-8B86-42ACBB35FDAF}.Ad-Hoc|iPhoneSimulator.ActiveCfg = Release|x86
		{03644400-3D4E-43A8-8B86-42ACBB35FDAF}.Ad-Hoc|iPhoneSimulator.Build.0 = Release|x86
		{03644400-3D4E-43A8-8B86-42ACBB35FDAF}.Ad-Hoc|iPhoneSimulator.Deploy.0 = Release|x86
		{03644400-3D4E-43A8-8B86-42ACBB35FDAF}.Ad-Hoc|x64.ActiveCfg = Release|x64
		{03644400-3D4E-43A8-8B86-42ACBB35FDAF}.Ad-Hoc|x64.Build.0 = Release|x64
		{03644400-3D4E-43A8-8B86-42ACBB35FDAF}.Ad-Hoc|x64.Deploy.0 = Release|x64
		{03644400-3D4E-43A8-8B86-42ACBB35FDAF}.Ad-Hoc|x86.ActiveCfg = Release|x86
		{03644400-3D4E-43A8-8B86-42ACBB35FDAF}.Ad-Hoc|x86.Build.0 = Release|x86
		{03644400-3D4E-43A8-8B86-42ACBB35FDAF}.Ad-Hoc|x86.Deploy.0 = Release|x86
		{03644400-3D4E-43A8-8B86-42ACBB35FDAF}.AppStore|Any CPU.ActiveCfg = Release|x86
		{03644400-3D4E-43A8-8B86-42ACBB35FDAF}.AppStore|Any CPU.Build.0 = Release|x86
		{03644400-3D4E-43A8-8B86-42ACBB35FDAF}.AppStore|Any CPU.Deploy.0 = Release|x86
		{03644400-3D4E-43A8-8B86-42ACBB35FDAF}.AppStore|ARM.ActiveCfg = Release|ARM
		{03644400-3D4E-43A8-8B86-42ACBB35FDAF}.AppStore|ARM.Build.0 = Release|ARM
		{03644400-3D4E-43A8-8B86-42ACBB35FDAF}.AppStore|ARM.Deploy.0 = Release|ARM
		{03644400-3D4E-43A8-8B86-42ACBB35FDAF}.AppStore|iPhone.ActiveCfg = Release|x86
		{03644400-3D4E-43A8-8B86-42ACBB35FDAF}.AppStore|iPhone.Build.0 = Release|x86
		{03644400-3D4E-43A8-8B86-42ACBB35FDAF}.AppStore|iPhone.Deploy.0 = Release|x86
		{03644400-3D4E-43A8-8B86-42ACBB35FDAF}.AppStore|iPhoneSimulator.ActiveCfg = Release|x86
		{03644400-3D4E-43A8-8B86-42ACBB35FDAF}.AppStore|iPhoneSimulator.Build.0 = Release|x86
		{03644400-3D4E-43A8-8B86-42ACBB35FDAF}.AppStore|iPhoneSimulator.Deploy.0 = Release|x86
		{03644400-3D4E-43A8-8B86-42ACBB35FDAF}.AppStore|x64.ActiveCfg = Release|x64
		{03644400-3D4E-43A8-8B86-42ACBB35FDAF}.AppStore|x64.Build.0 = Release|x64
		{03644400-3D4E-43A8-8B86-42ACBB35FDAF}.AppStore|x64.Deploy.0 = Release|x64
		{03644400-3D4E-43A8-8B86-42ACBB35FDAF}.AppStore|x86.ActiveCfg = Release|x86
		{03644400-3D4E-43A8-8B86-42ACBB35FDAF}.AppStore|x86.Build.0 = Release|x86
		{03644400-3D4E-43A8-8B86-42ACBB35FDAF}.AppStore|x86.Deploy.0 = Release|x86
		{03644400-3D4E-43A8-8B86-42ACBB35FDAF}.Debug|Any CPU.ActiveCfg = Debug|x86
		{03644400-3D4E-43A8-8B86-42ACBB35FDAF}.Debug|Any CPU.Build.0 = Debug|x86
		{03644400-3D4E-43A8-8B86-42ACBB35FDAF}.Debug|Any CPU.Deploy.0 = Debug|x86
		{03644400-3D4E-43A8-8B86-42ACBB35FDAF}.Debug|ARM.ActiveCfg = Debug|ARM
		{03644400-3D4E-43A8-8B86-42ACBB35FDAF}.Debug|ARM.Build.0 = Debug|ARM
		{03644400-3D4E-43A8-8B86-42ACBB35FDAF}.Debug|ARM.Deploy.0 = Debug|ARM
		{03644400-3D4E-43A8-8B86-42ACBB35FDAF}.Debug|iPhone.ActiveCfg = Debug|x86
		{03644400-3D4E-43A8-8B86-42ACBB35FDAF}.Debug|iPhoneSimulator.ActiveCfg = Debug|x86
		{03644400-3D4E-43A8-8B86-42ACBB35FDAF}.Debug|x64.ActiveCfg = Debug|x64
		{03644400-3D4E-43A8-8B86-42ACBB35FDAF}.Debug|x64.Build.0 = Debug|x64
		{03644400-3D4E-43A8-8B86-42ACBB35FDAF}.Debug|x64.Deploy.0 = Debug|x64
		{03644400-3D4E-43A8-8B86-42ACBB35FDAF}.Debug|x86.ActiveCfg = Debug|x86
		{03644400-3D4E-43A8-8B86-42ACBB35FDAF}.Debug|x86.Build.0 = Debug|x86
		{03644400-3D4E-43A8-8B86-42ACBB35FDAF}.Debug|x86.Deploy.0 = Debug|x86
		{03644400-3D4E-43A8-8B86-42ACBB35FDAF}.Release|Any CPU.ActiveCfg = Release|x86
		{03644400-3D4E-43A8-8B86-42ACBB35FDAF}.Release|ARM.ActiveCfg = Release|ARM
		{03644400-3D4E-43A8-8B86-42ACBB35FDAF}.Release|ARM.Build.0 = Release|ARM
		{03644400-3D4E-43A8-8B86-42ACBB35FDAF}.Release|ARM.Deploy.0 = Release|ARM
		{03644400-3D4E-43A8-8B86-42ACBB35FDAF}.Release|iPhone.ActiveCfg = Release|x86
		{03644400-3D4E-43A8-8B86-42ACBB35FDAF}.Release|iPhoneSimulator.ActiveCfg = Release|x86
		{03644400-3D4E-43A8-8B86-42ACBB35FDAF}.Release|x64.ActiveCfg = Release|x64
		{03644400-3D4E-43A8-8B86-42ACBB35FDAF}.Release|x64.Build.0 = Release|x64
		{03644400-3D4E-43A8-8B86-42ACBB35FDAF}.Release|x64.Deploy.0 = Release|x64
		{03644400-3D4E-43A8-8B86-42ACBB35FDAF}.Release|x86.ActiveCfg = Release|x86
		{03644400-3D4E-43A8-8B86-42ACBB35FDAF}.Release|x86.Build.0 = Release|x86
		{03644400-3D4E-43A8-8B86-42ACBB35FDAF}.Release|x86.Deploy.0 = Release|x86
		{E503A6A7-C94A-40B9-9DFA-A098D58186BC}.Ad-Hoc|Any CPU.ActiveCfg = Release|Any CPU
		{E503A6A7-C94A-40B9-9DFA-A098D58186BC}.Ad-Hoc|Any CPU.Build.0 = Release|Any CPU
		{E503A6A7-C94A-40B9-9DFA-A098D58186BC}.Ad-Hoc|Any CPU.Deploy.0 = Release|Any CPU
		{E503A6A7-C94A-40B9-9DFA-A098D58186BC}.Ad-Hoc|ARM.ActiveCfg = Release|ARM
		{E503A6A7-C94A-40B9-9DFA-A098D58186BC}.Ad-Hoc|ARM.Build.0 = Release|ARM
		{E503A6A7-C94A-40B9-9DFA-A098D58186BC}.Ad-Hoc|ARM.Deploy.0 = Release|ARM
		{E503A6A7-C94A-40B9-9DFA-A098D58186BC}.Ad-Hoc|iPhone.ActiveCfg = Release|Any CPU
		{E503A6A7-C94A-40B9-9DFA-A098D58186BC}.Ad-Hoc|iPhone.Build.0 = Release|Any CPU
		{E503A6A7-C94A-40B9-9DFA-A098D58186BC}.Ad-Hoc|iPhone.Deploy.0 = Release|Any CPU
		{E503A6A7-C94A-40B9-9DFA-A098D58186BC}.Ad-Hoc|iPhoneSimulator.ActiveCfg = Release|Any CPU
		{E503A6A7-C94A-40B9-9DFA-A098D58186BC}.Ad-Hoc|iPhoneSimulator.Build.0 = Release|Any CPU
		{E503A6A7-C94A-40B9-9DFA-A098D58186BC}.Ad-Hoc|iPhoneSimulator.Deploy.0 = Release|Any CPU
		{E503A6A7-C94A-40B9-9DFA-A098D58186BC}.Ad-Hoc|x64.ActiveCfg = Release|x64
		{E503A6A7-C94A-40B9-9DFA-A098D58186BC}.Ad-Hoc|x64.Build.0 = Release|x64
		{E503A6A7-C94A-40B9-9DFA-A098D58186BC}.Ad-Hoc|x64.Deploy.0 = Release|x64
		{E503A6A7-C94A-40B9-9DFA-A098D58186BC}.Ad-Hoc|x86.ActiveCfg = Release|x86
		{E503A6A7-C94A-40B9-9DFA-A098D58186BC}.Ad-Hoc|x86.Build.0 = Release|x86
		{E503A6A7-C94A-40B9-9DFA-A098D58186BC}.Ad-Hoc|x86.Deploy.0 = Release|x86
		{E503A6A7-C94A-40B9-9DFA-A098D58186BC}.AppStore|Any CPU.ActiveCfg = Release|Any CPU
		{E503A6A7-C94A-40B9-9DFA-A098D58186BC}.AppStore|Any CPU.Build.0 = Release|Any CPU
		{E503A6A7-C94A-40B9-9DFA-A098D58186BC}.AppStore|Any CPU.Deploy.0 = Release|Any CPU
		{E503A6A7-C94A-40B9-9DFA-A098D58186BC}.AppStore|ARM.ActiveCfg = Release|ARM
		{E503A6A7-C94A-40B9-9DFA-A098D58186BC}.AppStore|ARM.Build.0 = Release|ARM
		{E503A6A7-C94A-40B9-9DFA-A098D58186BC}.AppStore|ARM.Deploy.0 = Release|ARM
		{E503A6A7-C94A-40B9-9DFA-A098D58186BC}.AppStore|iPhone.ActiveCfg = Release|Any CPU
		{E503A6A7-C94A-40B9-9DFA-A098D58186BC}.AppStore|iPhone.Build.0 = Release|Any CPU
		{E503A6A7-C94A-40B9-9DFA-A098D58186BC}.AppStore|iPhone.Deploy.0 = Release|Any CPU
		{E503A6A7-C94A-40B9-9DFA-A098D58186BC}.AppStore|iPhoneSimulator.ActiveCfg = Release|Any CPU
		{E503A6A7-C94A-40B9-9DFA-A098D58186BC}.AppStore|iPhoneSimulator.Build.0 = Release|Any CPU
		{E503A6A7-C94A-40B9-9DFA-A098D58186BC}.AppStore|iPhoneSimulator.Deploy.0 = Release|Any CPU
		{E503A6A7-C94A-40B9-9DFA-A098D58186BC}.AppStore|x64.ActiveCfg = Release|x64
		{E503A6A7-C94A-40B9-9DFA-A098D58186BC}.AppStore|x64.Build.0 = Release|x64
		{E503A6A7-C94A-40B9-9DFA-A098D58186BC}.AppStore|x64.Deploy.0 = Release|x64
		{E503A6A7-C94A-40B9-9DFA-A098D58186BC}.AppStore|x86.ActiveCfg = Release|x86
		{E503A6A7-C94A-40B9-9DFA-A098D58186BC}.AppStore|x86.Build.0 = Release|x86
		{E503A6A7-C94A-40B9-9DFA-A098D58186BC}.AppStore|x86.Deploy.0 = Release|x86
		{E503A6A7-C94A-40B9-9DFA-A098D58186BC}.Debug|Any CPU.ActiveCfg = Debug|Any CPU
		{E503A6A7-C94A-40B9-9DFA-A098D58186BC}.Debug|Any CPU.Build.0 = Debug|Any CPU
		{E503A6A7-C94A-40B9-9DFA-A098D58186BC}.Debug|Any CPU.Deploy.0 = Debug|Any CPU
		{E503A6A7-C94A-40B9-9DFA-A098D58186BC}.Debug|ARM.ActiveCfg = Debug|ARM
		{E503A6A7-C94A-40B9-9DFA-A098D58186BC}.Debug|ARM.Build.0 = Debug|ARM
		{E503A6A7-C94A-40B9-9DFA-A098D58186BC}.Debug|ARM.Deploy.0 = Debug|ARM
		{E503A6A7-C94A-40B9-9DFA-A098D58186BC}.Debug|iPhone.ActiveCfg = Debug|Any CPU
		{E503A6A7-C94A-40B9-9DFA-A098D58186BC}.Debug|iPhone.Build.0 = Debug|Any CPU
		{E503A6A7-C94A-40B9-9DFA-A098D58186BC}.Debug|iPhone.Deploy.0 = Debug|Any CPU
		{E503A6A7-C94A-40B9-9DFA-A098D58186BC}.Debug|iPhoneSimulator.ActiveCfg = Debug|Any CPU
		{E503A6A7-C94A-40B9-9DFA-A098D58186BC}.Debug|iPhoneSimulator.Build.0 = Debug|Any CPU
		{E503A6A7-C94A-40B9-9DFA-A098D58186BC}.Debug|iPhoneSimulator.Deploy.0 = Debug|Any CPU
		{E503A6A7-C94A-40B9-9DFA-A098D58186BC}.Debug|x64.ActiveCfg = Debug|x64
		{E503A6A7-C94A-40B9-9DFA-A098D58186BC}.Debug|x64.Build.0 = Debug|x64
		{E503A6A7-C94A-40B9-9DFA-A098D58186BC}.Debug|x64.Deploy.0 = Debug|x64
		{E503A6A7-C94A-40B9-9DFA-A098D58186BC}.Debug|x86.ActiveCfg = Debug|x86
		{E503A6A7-C94A-40B9-9DFA-A098D58186BC}.Debug|x86.Build.0 = Debug|x86
		{E503A6A7-C94A-40B9-9DFA-A098D58186BC}.Debug|x86.Deploy.0 = Debug|x86
		{E503A6A7-C94A-40B9-9DFA-A098D58186BC}.Release|Any CPU.ActiveCfg = Release|Any CPU
		{E503A6A7-C94A-40B9-9DFA-A098D58186BC}.Release|Any CPU.Build.0 = Release|Any CPU
		{E503A6A7-C94A-40B9-9DFA-A098D58186BC}.Release|Any CPU.Deploy.0 = Release|Any CPU
		{E503A6A7-C94A-40B9-9DFA-A098D58186BC}.Release|ARM.ActiveCfg = Release|ARM
		{E503A6A7-C94A-40B9-9DFA-A098D58186BC}.Release|ARM.Build.0 = Release|ARM
		{E503A6A7-C94A-40B9-9DFA-A098D58186BC}.Release|ARM.Deploy.0 = Release|ARM
		{E503A6A7-C94A-40B9-9DFA-A098D58186BC}.Release|iPhone.ActiveCfg = Release|Any CPU
		{E503A6A7-C94A-40B9-9DFA-A098D58186BC}.Release|iPhone.Build.0 = Release|Any CPU
		{E503A6A7-C94A-40B9-9DFA-A098D58186BC}.Release|iPhone.Deploy.0 = Release|Any CPU
		{E503A6A7-C94A-40B9-9DFA-A098D58186BC}.Release|iPhoneSimulator.ActiveCfg = Release|Any CPU
		{E503A6A7-C94A-40B9-9DFA-A098D58186BC}.Release|iPhoneSimulator.Build.0 = Release|Any CPU
		{E503A6A7-C94A-40B9-9DFA-A098D58186BC}.Release|iPhoneSimulator.Deploy.0 = Release|Any CPU
		{E503A6A7-C94A-40B9-9DFA-A098D58186BC}.Release|x64.ActiveCfg = Release|x64
		{E503A6A7-C94A-40B9-9DFA-A098D58186BC}.Release|x64.Build.0 = Release|x64
		{E503A6A7-C94A-40B9-9DFA-A098D58186BC}.Release|x64.Deploy.0 = Release|x64
		{E503A6A7-C94A-40B9-9DFA-A098D58186BC}.Release|x86.ActiveCfg = Release|x86
		{E503A6A7-C94A-40B9-9DFA-A098D58186BC}.Release|x86.Build.0 = Release|x86
		{E503A6A7-C94A-40B9-9DFA-A098D58186BC}.Release|x86.Deploy.0 = Release|x86
		{67B4D14C-A20D-4692-90A2-FB2509DA144B}.Ad-Hoc|Any CPU.ActiveCfg = Release|Any CPU
		{67B4D14C-A20D-4692-90A2-FB2509DA144B}.Ad-Hoc|Any CPU.Build.0 = Release|Any CPU
		{67B4D14C-A20D-4692-90A2-FB2509DA144B}.Ad-Hoc|ARM.ActiveCfg = Release|Any CPU
		{67B4D14C-A20D-4692-90A2-FB2509DA144B}.Ad-Hoc|ARM.Build.0 = Release|Any CPU
		{67B4D14C-A20D-4692-90A2-FB2509DA144B}.Ad-Hoc|iPhone.ActiveCfg = Release|Any CPU
		{67B4D14C-A20D-4692-90A2-FB2509DA144B}.Ad-Hoc|iPhone.Build.0 = Release|Any CPU
		{67B4D14C-A20D-4692-90A2-FB2509DA144B}.Ad-Hoc|iPhoneSimulator.ActiveCfg = Release|Any CPU
		{67B4D14C-A20D-4692-90A2-FB2509DA144B}.Ad-Hoc|iPhoneSimulator.Build.0 = Release|Any CPU
		{67B4D14C-A20D-4692-90A2-FB2509DA144B}.Ad-Hoc|x64.ActiveCfg = Release|Any CPU
		{67B4D14C-A20D-4692-90A2-FB2509DA144B}.Ad-Hoc|x64.Build.0 = Release|Any CPU
		{67B4D14C-A20D-4692-90A2-FB2509DA144B}.Ad-Hoc|x86.ActiveCfg = Release|Any CPU
		{67B4D14C-A20D-4692-90A2-FB2509DA144B}.Ad-Hoc|x86.Build.0 = Release|Any CPU
		{67B4D14C-A20D-4692-90A2-FB2509DA144B}.AppStore|Any CPU.ActiveCfg = Release|Any CPU
		{67B4D14C-A20D-4692-90A2-FB2509DA144B}.AppStore|Any CPU.Build.0 = Release|Any CPU
		{67B4D14C-A20D-4692-90A2-FB2509DA144B}.AppStore|ARM.ActiveCfg = Release|Any CPU
		{67B4D14C-A20D-4692-90A2-FB2509DA144B}.AppStore|ARM.Build.0 = Release|Any CPU
		{67B4D14C-A20D-4692-90A2-FB2509DA144B}.AppStore|iPhone.ActiveCfg = Release|Any CPU
		{67B4D14C-A20D-4692-90A2-FB2509DA144B}.AppStore|iPhone.Build.0 = Release|Any CPU
		{67B4D14C-A20D-4692-90A2-FB2509DA144B}.AppStore|iPhoneSimulator.ActiveCfg = Release|Any CPU
		{67B4D14C-A20D-4692-90A2-FB2509DA144B}.AppStore|iPhoneSimulator.Build.0 = Release|Any CPU
		{67B4D14C-A20D-4692-90A2-FB2509DA144B}.AppStore|x64.ActiveCfg = Release|Any CPU
		{67B4D14C-A20D-4692-90A2-FB2509DA144B}.AppStore|x64.Build.0 = Release|Any CPU
		{67B4D14C-A20D-4692-90A2-FB2509DA144B}.AppStore|x86.ActiveCfg = Release|Any CPU
		{67B4D14C-A20D-4692-90A2-FB2509DA144B}.AppStore|x86.Build.0 = Release|Any CPU
		{67B4D14C-A20D-4692-90A2-FB2509DA144B}.Debug|Any CPU.ActiveCfg = Debug|Any CPU
		{67B4D14C-A20D-4692-90A2-FB2509DA144B}.Debug|Any CPU.Build.0 = Debug|Any CPU
		{67B4D14C-A20D-4692-90A2-FB2509DA144B}.Debug|ARM.ActiveCfg = Debug|Any CPU
		{67B4D14C-A20D-4692-90A2-FB2509DA144B}.Debug|ARM.Build.0 = Debug|Any CPU
		{67B4D14C-A20D-4692-90A2-FB2509DA144B}.Debug|iPhone.ActiveCfg = Debug|Any CPU
		{67B4D14C-A20D-4692-90A2-FB2509DA144B}.Debug|iPhone.Build.0 = Debug|Any CPU
		{67B4D14C-A20D-4692-90A2-FB2509DA144B}.Debug|iPhoneSimulator.ActiveCfg = Debug|Any CPU
		{67B4D14C-A20D-4692-90A2-FB2509DA144B}.Debug|iPhoneSimulator.Build.0 = Debug|Any CPU
		{67B4D14C-A20D-4692-90A2-FB2509DA144B}.Debug|x64.ActiveCfg = Debug|Any CPU
		{67B4D14C-A20D-4692-90A2-FB2509DA144B}.Debug|x64.Build.0 = Debug|Any CPU
		{67B4D14C-A20D-4692-90A2-FB2509DA144B}.Debug|x86.ActiveCfg = Debug|Any CPU
		{67B4D14C-A20D-4692-90A2-FB2509DA144B}.Debug|x86.Build.0 = Debug|Any CPU
		{67B4D14C-A20D-4692-90A2-FB2509DA144B}.Release|Any CPU.ActiveCfg = Release|Any CPU
		{67B4D14C-A20D-4692-90A2-FB2509DA144B}.Release|Any CPU.Build.0 = Release|Any CPU
		{67B4D14C-A20D-4692-90A2-FB2509DA144B}.Release|ARM.ActiveCfg = Release|Any CPU
		{67B4D14C-A20D-4692-90A2-FB2509DA144B}.Release|ARM.Build.0 = Release|Any CPU
		{67B4D14C-A20D-4692-90A2-FB2509DA144B}.Release|iPhone.ActiveCfg = Release|Any CPU
		{67B4D14C-A20D-4692-90A2-FB2509DA144B}.Release|iPhone.Build.0 = Release|Any CPU
		{67B4D14C-A20D-4692-90A2-FB2509DA144B}.Release|iPhoneSimulator.ActiveCfg = Release|Any CPU
		{67B4D14C-A20D-4692-90A2-FB2509DA144B}.Release|iPhoneSimulator.Build.0 = Release|Any CPU
		{67B4D14C-A20D-4692-90A2-FB2509DA144B}.Release|x64.ActiveCfg = Release|Any CPU
		{67B4D14C-A20D-4692-90A2-FB2509DA144B}.Release|x64.Build.0 = Release|Any CPU
		{67B4D14C-A20D-4692-90A2-FB2509DA144B}.Release|x86.ActiveCfg = Release|Any CPU
		{67B4D14C-A20D-4692-90A2-FB2509DA144B}.Release|x86.Build.0 = Release|Any CPU
		{047CDEF7-D5BA-4B1E-9748-910B610CCA51}.Ad-Hoc|Any CPU.ActiveCfg = Release|Any CPU
		{047CDEF7-D5BA-4B1E-9748-910B610CCA51}.Ad-Hoc|Any CPU.Build.0 = Release|Any CPU
		{047CDEF7-D5BA-4B1E-9748-910B610CCA51}.Ad-Hoc|ARM.ActiveCfg = Release|Any CPU
		{047CDEF7-D5BA-4B1E-9748-910B610CCA51}.Ad-Hoc|ARM.Build.0 = Release|Any CPU
		{047CDEF7-D5BA-4B1E-9748-910B610CCA51}.Ad-Hoc|iPhone.ActiveCfg = Release|Any CPU
		{047CDEF7-D5BA-4B1E-9748-910B610CCA51}.Ad-Hoc|iPhone.Build.0 = Release|Any CPU
		{047CDEF7-D5BA-4B1E-9748-910B610CCA51}.Ad-Hoc|iPhoneSimulator.ActiveCfg = Release|Any CPU
		{047CDEF7-D5BA-4B1E-9748-910B610CCA51}.Ad-Hoc|iPhoneSimulator.Build.0 = Release|Any CPU
		{047CDEF7-D5BA-4B1E-9748-910B610CCA51}.Ad-Hoc|x64.ActiveCfg = Release|Any CPU
		{047CDEF7-D5BA-4B1E-9748-910B610CCA51}.Ad-Hoc|x64.Build.0 = Release|Any CPU
		{047CDEF7-D5BA-4B1E-9748-910B610CCA51}.Ad-Hoc|x86.ActiveCfg = Release|Any CPU
		{047CDEF7-D5BA-4B1E-9748-910B610CCA51}.Ad-Hoc|x86.Build.0 = Release|Any CPU
		{047CDEF7-D5BA-4B1E-9748-910B610CCA51}.AppStore|Any CPU.ActiveCfg = Release|Any CPU
		{047CDEF7-D5BA-4B1E-9748-910B610CCA51}.AppStore|Any CPU.Build.0 = Release|Any CPU
		{047CDEF7-D5BA-4B1E-9748-910B610CCA51}.AppStore|ARM.ActiveCfg = Release|Any CPU
		{047CDEF7-D5BA-4B1E-9748-910B610CCA51}.AppStore|ARM.Build.0 = Release|Any CPU
		{047CDEF7-D5BA-4B1E-9748-910B610CCA51}.AppStore|iPhone.ActiveCfg = Release|Any CPU
		{047CDEF7-D5BA-4B1E-9748-910B610CCA51}.AppStore|iPhone.Build.0 = Release|Any CPU
		{047CDEF7-D5BA-4B1E-9748-910B610CCA51}.AppStore|iPhoneSimulator.ActiveCfg = Release|Any CPU
		{047CDEF7-D5BA-4B1E-9748-910B610CCA51}.AppStore|iPhoneSimulator.Build.0 = Release|Any CPU
		{047CDEF7-D5BA-4B1E-9748-910B610CCA51}.AppStore|x64.ActiveCfg = Release|Any CPU
		{047CDEF7-D5BA-4B1E-9748-910B610CCA51}.AppStore|x64.Build.0 = Release|Any CPU
		{047CDEF7-D5BA-4B1E-9748-910B610CCA51}.AppStore|x86.ActiveCfg = Release|Any CPU
		{047CDEF7-D5BA-4B1E-9748-910B610CCA51}.AppStore|x86.Build.0 = Release|Any CPU
		{047CDEF7-D5BA-4B1E-9748-910B610CCA51}.Debug|Any CPU.ActiveCfg = Debug|Any CPU
		{047CDEF7-D5BA-4B1E-9748-910B610CCA51}.Debug|Any CPU.Build.0 = Debug|Any CPU
		{047CDEF7-D5BA-4B1E-9748-910B610CCA51}.Debug|ARM.ActiveCfg = Debug|Any CPU
		{047CDEF7-D5BA-4B1E-9748-910B610CCA51}.Debug|ARM.Build.0 = Debug|Any CPU
		{047CDEF7-D5BA-4B1E-9748-910B610CCA51}.Debug|iPhone.ActiveCfg = Debug|Any CPU
		{047CDEF7-D5BA-4B1E-9748-910B610CCA51}.Debug|iPhone.Build.0 = Debug|Any CPU
		{047CDEF7-D5BA-4B1E-9748-910B610CCA51}.Debug|iPhoneSimulator.ActiveCfg = Debug|Any CPU
		{047CDEF7-D5BA-4B1E-9748-910B610CCA51}.Debug|iPhoneSimulator.Build.0 = Debug|Any CPU
		{047CDEF7-D5BA-4B1E-9748-910B610CCA51}.Debug|x64.ActiveCfg = Debug|Any CPU
		{047CDEF7-D5BA-4B1E-9748-910B610CCA51}.Debug|x64.Build.0 = Debug|Any CPU
		{047CDEF7-D5BA-4B1E-9748-910B610CCA51}.Debug|x86.ActiveCfg = Debug|Any CPU
		{047CDEF7-D5BA-4B1E-9748-910B610CCA51}.Debug|x86.Build.0 = Debug|Any CPU
		{047CDEF7-D5BA-4B1E-9748-910B610CCA51}.Release|Any CPU.ActiveCfg = Release|Any CPU
		{047CDEF7-D5BA-4B1E-9748-910B610CCA51}.Release|Any CPU.Build.0 = Release|Any CPU
		{047CDEF7-D5BA-4B1E-9748-910B610CCA51}.Release|ARM.ActiveCfg = Release|Any CPU
		{047CDEF7-D5BA-4B1E-9748-910B610CCA51}.Release|ARM.Build.0 = Release|Any CPU
		{047CDEF7-D5BA-4B1E-9748-910B610CCA51}.Release|iPhone.ActiveCfg = Release|Any CPU
		{047CDEF7-D5BA-4B1E-9748-910B610CCA51}.Release|iPhone.Build.0 = Release|Any CPU
		{047CDEF7-D5BA-4B1E-9748-910B610CCA51}.Release|iPhoneSimulator.ActiveCfg = Release|Any CPU
		{047CDEF7-D5BA-4B1E-9748-910B610CCA51}.Release|iPhoneSimulator.Build.0 = Release|Any CPU
		{047CDEF7-D5BA-4B1E-9748-910B610CCA51}.Release|x64.ActiveCfg = Release|Any CPU
		{047CDEF7-D5BA-4B1E-9748-910B610CCA51}.Release|x64.Build.0 = Release|Any CPU
		{047CDEF7-D5BA-4B1E-9748-910B610CCA51}.Release|x86.ActiveCfg = Release|Any CPU
		{047CDEF7-D5BA-4B1E-9748-910B610CCA51}.Release|x86.Build.0 = Release|Any CPU
	EndGlobalSection
	GlobalSection(SolutionProperties) = preSolution
		HideSolutionNode = FALSE
	EndGlobalSection
EndGlobal
